
Microsoft Visual Studio Solution File, Format Version 12.00
# Visual Studio Version 17
VisualStudioVersion = 17.3.32819.101
MinimumVisualStudioVersion = 10.0.40219.1
Project("{FAE04EC0-301F-11D3-BF4B-00C04F79EFBC}") = "OnlineShopWebApp", "OnlineShopWebApp\OnlineShopWebApp.csproj", "{9E18DAAF-D01C-48AB-9D7D-F325F8C0A6BC}"
EndProject
Global
	GlobalSection(SolutionConfigurationPlatforms) = preSolution
		Debug|Any CPU = Debug|Any CPU
		Release|Any CPU = Release|Any CPU
	EndGlobalSection
	GlobalSection(ProjectConfigurationPlatforms) = postSolution
		{9E18DAAF-D01C-48AB-9D7D-F325F8C0A6BC}.Debug|Any CPU.ActiveCfg = Debug|Any CPU
		{9E18DAAF-D01C-48AB-9D7D-F325F8C0A6BC}.Debug|Any CPU.Build.0 = Debug|Any CPU
		{9E18DAAF-D01C-48AB-9D7D-F325F8C0A6BC}.Release|Any CPU.ActiveCfg = Release|Any CPU
		{9E18DAAF-D01C-48AB-9D7D-F325F8C0A6BC}.Release|Any CPU.Build.0 = Release|Any CPU
	EndGlobalSection
	GlobalSection(SolutionProperties) = preSolution
		HideSolutionNode = FALSE
	EndGlobalSection
	GlobalSection(ExtensibilityGlobals) = postSolution
		SolutionGuid = {0CE2FEAD-B243-47A5-A21E-98A1F4E69AE7}
	EndGlobalSection
EndGlobal
